// !$*UTF8*$!
{
	archiveVersion = 1;
	classes = {
	};
	objectVersion = 50;
	objects = {

/* Begin PBXBuildFile section */
		687C19D320F94BE5005D97F4 /* AppDelegate.swift in Sources */ = {isa = PBXBuildFile; fileRef = 687C19D220F94BE5005D97F4 /* AppDelegate.swift */; };
		687C19D520F94BE5005D97F4 /* ViewController.swift in Sources */ = {isa = PBXBuildFile; fileRef = 687C19D420F94BE5005D97F4 /* ViewController.swift */; };
		687C19D820F94BE5005D97F4 /* Main.storyboard in Resources */ = {isa = PBXBuildFile; fileRef = 687C19D620F94BE5005D97F4 /* Main.storyboard */; };
		687C19DA20F94BE6005D97F4 /* Assets.xcassets in Resources */ = {isa = PBXBuildFile; fileRef = 687C19D920F94BE6005D97F4 /* Assets.xcassets */; };
		687C19DD20F94BE6005D97F4 /* LaunchScreen.storyboard in Resources */ = {isa = PBXBuildFile; fileRef = 687C19DB20F94BE6005D97F4 /* LaunchScreen.storyboard */; };
		687C19E820F94BE6005D97F4 /* MovieManiaTests.swift in Sources */ = {isa = PBXBuildFile; fileRef = 687C19E720F94BE6005D97F4 /* MovieManiaTests.swift */; };
		687C19F520F94FCB005D97F4 /* MovieCell.swift in Sources */ = {isa = PBXBuildFile; fileRef = 687C19F420F94FCB005D97F4 /* MovieCell.swift */; };
		687C19F720F950D9005D97F4 /* BaseViewController.swift in Sources */ = {isa = PBXBuildFile; fileRef = 687C19F620F950D9005D97F4 /* BaseViewController.swift */; };
		687C19F920F95145005D97F4 /* NetworkManager.swift in Sources */ = {isa = PBXBuildFile; fileRef = 687C19F820F95145005D97F4 /* NetworkManager.swift */; };
		687C19FB20F9518B005D97F4 /* K.swift in Sources */ = {isa = PBXBuildFile; fileRef = 687C19FA20F9518B005D97F4 /* K.swift */; };
		687C1A0020F9564D005D97F4 /* RxCocoa.framework in Frameworks */ = {isa = PBXBuildFile; fileRef = 687C19FE20F9564D005D97F4 /* RxCocoa.framework */; };
		687C1A0120F9564D005D97F4 /* RxSwift.framework in Frameworks */ = {isa = PBXBuildFile; fileRef = 687C19FF20F9564D005D97F4 /* RxSwift.framework */; };
		687C1A0320F95698005D97F4 /* MovieModel.swift in Sources */ = {isa = PBXBuildFile; fileRef = 687C1A0220F95698005D97F4 /* MovieModel.swift */; };
/* End PBXBuildFile section */

/* Begin PBXContainerItemProxy section */
		687C19E420F94BE6005D97F4 /* PBXContainerItemProxy */ = {
			isa = PBXContainerItemProxy;
			containerPortal = 687C19C720F94BE5005D97F4 /* Project object */;
			proxyType = 1;
			remoteGlobalIDString = 687C19CE20F94BE5005D97F4;
			remoteInfo = MovieMania;
		};
/* End PBXContainerItemProxy section */

/* Begin PBXFileReference section */
		687C19CF20F94BE5005D97F4 /* MovieMania.app */ = {isa = PBXFileReference; explicitFileType = wrapper.application; includeInIndex = 0; path = MovieMania.app; sourceTree = BUILT_PRODUCTS_DIR; };
		687C19D220F94BE5005D97F4 /* AppDelegate.swift */ = {isa = PBXFileReference; lastKnownFileType = sourcecode.swift; path = AppDelegate.swift; sourceTree = "<group>"; };
		687C19D420F94BE5005D97F4 /* ViewController.swift */ = {isa = PBXFileReference; lastKnownFileType = sourcecode.swift; path = ViewController.swift; sourceTree = "<group>"; };
		687C19D720F94BE5005D97F4 /* Base */ = {isa = PBXFileReference; lastKnownFileType = file.storyboard; name = Base; path = Base.lproj/Main.storyboard; sourceTree = "<group>"; };
		687C19D920F94BE6005D97F4 /* Assets.xcassets */ = {isa = PBXFileReference; lastKnownFileType = folder.assetcatalog; path = Assets.xcassets; sourceTree = "<group>"; };
		687C19DC20F94BE6005D97F4 /* Base */ = {isa = PBXFileReference; lastKnownFileType = file.storyboard; name = Base; path = Base.lproj/LaunchScreen.storyboard; sourceTree = "<group>"; };
		687C19DE20F94BE6005D97F4 /* Info.plist */ = {isa = PBXFileReference; lastKnownFileType = text.plist.xml; path = Info.plist; sourceTree = "<group>"; };
		687C19E320F94BE6005D97F4 /* MovieManiaTests.xctest */ = {isa = PBXFileReference; explicitFileType = wrapper.cfbundle; includeInIndex = 0; path = MovieManiaTests.xctest; sourceTree = BUILT_PRODUCTS_DIR; };
		687C19E720F94BE6005D97F4 /* MovieManiaTests.swift */ = {isa = PBXFileReference; lastKnownFileType = sourcecode.swift; path = MovieManiaTests.swift; sourceTree = "<group>"; };
		687C19E920F94BE6005D97F4 /* Info.plist */ = {isa = PBXFileReference; lastKnownFileType = text.plist.xml; path = Info.plist; sourceTree = "<group>"; };
		687C19F420F94FCB005D97F4 /* MovieCell.swift */ = {isa = PBXFileReference; lastKnownFileType = sourcecode.swift; path = MovieCell.swift; sourceTree = "<group>"; };
		687C19F620F950D9005D97F4 /* BaseViewController.swift */ = {isa = PBXFileReference; lastKnownFileType = sourcecode.swift; path = BaseViewController.swift; sourceTree = "<group>"; };
		687C19F820F95145005D97F4 /* NetworkManager.swift */ = {isa = PBXFileReference; lastKnownFileType = sourcecode.swift; path = NetworkManager.swift; sourceTree = "<group>"; };
		687C19FA20F9518B005D97F4 /* K.swift */ = {isa = PBXFileReference; lastKnownFileType = sourcecode.swift; path = K.swift; sourceTree = "<group>"; };
		687C19FE20F9564D005D97F4 /* RxCocoa.framework */ = {isa = PBXFileReference; lastKnownFileType = wrapper.framework; name = RxCocoa.framework; path = Carthage/Build/iOS/RxCocoa.framework; sourceTree = "<group>"; };
		687C19FF20F9564D005D97F4 /* RxSwift.framework */ = {isa = PBXFileReference; lastKnownFileType = wrapper.framework; name = RxSwift.framework; path = Carthage/Build/iOS/RxSwift.framework; sourceTree = "<group>"; };
		687C1A0220F95698005D97F4 /* MovieModel.swift */ = {isa = PBXFileReference; lastKnownFileType = sourcecode.swift; path = MovieModel.swift; sourceTree = "<group>"; };
/* End PBXFileReference section */

/* Begin PBXFrameworksBuildPhase section */
		687C19CC20F94BE5005D97F4 /* Frameworks */ = {
			isa = PBXFrameworksBuildPhase;
			buildActionMask = 2147483647;
			files = (
				687C1A0020F9564D005D97F4 /* RxCocoa.framework in Frameworks */,
				687C1A0120F9564D005D97F4 /* RxSwift.framework in Frameworks */,
			);
			runOnlyForDeploymentPostprocessing = 0;
		};
		687C19E020F94BE6005D97F4 /* Frameworks */ = {
			isa = PBXFrameworksBuildPhase;
			buildActionMask = 2147483647;
			files = (
			);
			runOnlyForDeploymentPostprocessing = 0;
		};
/* End PBXFrameworksBuildPhase section */

/* Begin PBXGroup section */
		687C19C620F94BE5005D97F4 = {
			isa = PBXGroup;
			children = (
				687C19D120F94BE5005D97F4 /* MovieMania */,
				687C19E620F94BE6005D97F4 /* MovieManiaTests */,
				687C19D020F94BE5005D97F4 /* Products */,
				687C19FD20F9564D005D97F4 /* Frameworks */,
			);
			sourceTree = "<group>";
		};
		687C19D020F94BE5005D97F4 /* Products */ = {
			isa = PBXGroup;
			children = (
				687C19CF20F94BE5005D97F4 /* MovieMania.app */,
				687C19E320F94BE6005D97F4 /* MovieManiaTests.xctest */,
			);
			name = Products;
			sourceTree = "<group>";
		};
		687C19D120F94BE5005D97F4 /* MovieMania */ = {
			isa = PBXGroup;
			children = (
				687C19D220F94BE5005D97F4 /* AppDelegate.swift */,
				687C19F620F950D9005D97F4 /* BaseViewController.swift */,
				687C19D420F94BE5005D97F4 /* ViewController.swift */,
				687C19F420F94FCB005D97F4 /* MovieCell.swift */,
				687C19F820F95145005D97F4 /* NetworkManager.swift */,
				687C1A0220F95698005D97F4 /* MovieModel.swift */,
				687C19FA20F9518B005D97F4 /* K.swift */,
				687C19D620F94BE5005D97F4 /* Main.storyboard */,
				687C19D920F94BE6005D97F4 /* Assets.xcassets */,
				687C19DB20F94BE6005D97F4 /* LaunchScreen.storyboard */,
				687C19DE20F94BE6005D97F4 /* Info.plist */,
			);
			path = MovieMania;
			sourceTree = "<group>";
		};
		687C19E620F94BE6005D97F4 /* MovieManiaTests */ = {
			isa = PBXGroup;
			children = (
				687C19E720F94BE6005D97F4 /* MovieManiaTests.swift */,
				687C19E920F94BE6005D97F4 /* Info.plist */,
			);
			path = MovieManiaTests;
			sourceTree = "<group>";
		};
		687C19FD20F9564D005D97F4 /* Frameworks */ = {
			isa = PBXGroup;
			children = (
				687C19FE20F9564D005D97F4 /* RxCocoa.framework */,
				687C19FF20F9564D005D97F4 /* RxSwift.framework */,
			);
			name = Frameworks;
			sourceTree = "<group>";
		};
/* End PBXGroup section */

/* Begin PBXNativeTarget section */
		687C19CE20F94BE5005D97F4 /* MovieMania */ = {
			isa = PBXNativeTarget;
			buildConfigurationList = 687C19EC20F94BE6005D97F4 /* Build configuration list for PBXNativeTarget "MovieMania" */;
			buildPhases = (
				687C19CB20F94BE5005D97F4 /* Sources */,
				687C19CC20F94BE5005D97F4 /* Frameworks */,
				687C19CD20F94BE5005D97F4 /* Resources */,
				687C19FC20F95615005D97F4 /* ShellScript */,
			);
			buildRules = (
			);
			dependencies = (
			);
			name = MovieMania;
			productName = MovieMania;
			productReference = 687C19CF20F94BE5005D97F4 /* MovieMania.app */;
			productType = "com.apple.product-type.application";
		};
		687C19E220F94BE6005D97F4 /* MovieManiaTests */ = {
			isa = PBXNativeTarget;
			buildConfigurationList = 687C19EF20F94BE6005D97F4 /* Build configuration list for PBXNativeTarget "MovieManiaTests" */;
			buildPhases = (
				687C19DF20F94BE6005D97F4 /* Sources */,
				687C19E020F94BE6005D97F4 /* Frameworks */,
				687C19E120F94BE6005D97F4 /* Resources */,
			);
			buildRules = (
			);
			dependencies = (
				687C19E520F94BE6005D97F4 /* PBXTargetDependency */,
			);
			name = MovieManiaTests;
			productName = MovieManiaTests;
			productReference = 687C19E320F94BE6005D97F4 /* MovieManiaTests.xctest */;
			productType = "com.apple.product-type.bundle.unit-test";
		};
/* End PBXNativeTarget section */

/* Begin PBXProject section */
		687C19C720F94BE5005D97F4 /* Project object */ = {
			isa = PBXProject;
			attributes = {
				LastSwiftUpdateCheck = 0940;
				LastUpgradeCheck = 0940;
				ORGANIZATIONNAME = Veoss;
				TargetAttributes = {
					687C19CE20F94BE5005D97F4 = {
						CreatedOnToolsVersion = 9.4.1;
					};
					687C19E220F94BE6005D97F4 = {
						CreatedOnToolsVersion = 9.4.1;
						TestTargetID = 687C19CE20F94BE5005D97F4;
					};
				};
			};
			buildConfigurationList = 687C19CA20F94BE5005D97F4 /* Build configuration list for PBXProject "MovieMania" */;
			compatibilityVersion = "Xcode 9.3";
			developmentRegion = en;
			hasScannedForEncodings = 0;
			knownRegions = (
				en,
				Base,
			);
			mainGroup = 687C19C620F94BE5005D97F4;
			productRefGroup = 687C19D020F94BE5005D97F4 /* Products */;
			projectDirPath = "";
			projectRoot = "";
			targets = (
				687C19CE20F94BE5005D97F4 /* MovieMania */,
				687C19E220F94BE6005D97F4 /* MovieManiaTests */,
			);
		};
/* End PBXProject section */

/* Begin PBXResourcesBuildPhase section */
		687C19CD20F94BE5005D97F4 /* Resources */ = {
			isa = PBXResourcesBuildPhase;
			buildActionMask = 2147483647;
			files = (
				687C19DD20F94BE6005D97F4 /* LaunchScreen.storyboard in Resources */,
				687C19DA20F94BE6005D97F4 /* Assets.xcassets in Resources */,
				687C19D820F94BE5005D97F4 /* Main.storyboard in Resources */,
			);
			runOnlyForDeploymentPostprocessing = 0;
		};
		687C19E120F94BE6005D97F4 /* Resources */ = {
			isa = PBXResourcesBuildPhase;
			buildActionMask = 2147483647;
			files = (
			);
			runOnlyForDeploymentPostprocessing = 0;
		};
/* End PBXResourcesBuildPhase section */

/* Begin PBXShellScriptBuildPhase section */
		687C19FC20F95615005D97F4 /* ShellScript */ = {
			isa = PBXShellScriptBuildPhase;
			buildActionMask = 2147483647;
			files = (
			);
			inputPaths = (
			);
			outputPaths = (
			);
			runOnlyForDeploymentPostprocessing = 0;
			shellPath = /bin/sh;
			shellScript = "/usr/local/bin/carthage copy-frameworks";
		};
/* End PBXShellScriptBuildPhase section */

/* Begin PBXSourcesBuildPhase section */
		687C19CB20F94BE5005D97F4 /* Sources */ = {
			isa = PBXSourcesBuildPhase;
			buildActionMask = 2147483647;
			files = (
				687C1A0320F95698005D97F4 /* MovieModel.swift in Sources */,
				687C19D520F94BE5005D97F4 /* ViewController.swift in Sources */,
				687C19F720F950D9005D97F4 /* BaseViewController.swift in Sources */,
				687C19F920F95145005D97F4 /* NetworkManager.swift in Sources */,
				687C19D320F94BE5005D97F4 /* AppDelegate.swift in Sources */,
				687C19F520F94FCB005D97F4 /* MovieCell.swift in Sources */,
				687C19FB20F9518B005D97F4 /* K.swift in Sources */,
			);
			runOnlyForDeploymentPostprocessing = 0;
		};
		687C19DF20F94BE6005D97F4 /* Sources */ = {
			isa = PBXSourcesBuildPhase;
			buildActionMask = 2147483647;
			files = (
				687C19E820F94BE6005D97F4 /* MovieManiaTests.swift in Sources */,
			);
			runOnlyForDeploymentPostprocessing = 0;
		};
/* End PBXSourcesBuildPhase section */

/* Begin PBXTargetDependency section */
		687C19E520F94BE6005D97F4 /* PBXTargetDependency */ = {
			isa = PBXTargetDependency;
			target = 687C19CE20F94BE5005D97F4 /* MovieMania */;
			targetProxy = 687C19E420F94BE6005D97F4 /* PBXContainerItemProxy */;
		};
/* End PBXTargetDependency section */

/* Begin PBXVariantGroup section */
		687C19D620F94BE5005D97F4 /* Main.storyboard */ = {
			isa = PBXVariantGroup;
			children = (
				687C19D720F94BE5005D97F4 /* Base */,
			);
			name = Main.storyboard;
			sourceTree = "<group>";
		};
		687C19DB20F94BE6005D97F4 /* LaunchScreen.storyboard */ = {
			isa = PBXVariantGroup;
			children = (
				687C19DC20F94BE6005D97F4 /* Base */,
			);
			name = LaunchScreen.storyboard;
			sourceTree = "<group>";
		};
/* End PBXVariantGroup section */

/* Begin XCBuildConfiguration section */
		687C19EA20F94BE6005D97F4 /* Debug */ = {
			isa = XCBuildConfiguration;
			buildSettings = {
				ALWAYS_SEARCH_USER_PATHS = NO;
				CLANG_ANALYZER_NONNULL = YES;
				CLANG_ANALYZER_NUMBER_OBJECT_CONVERSION = YES_AGGRESSIVE;
				CLANG_CXX_LANGUAGE_STANDARD = "gnu++14";
				CLANG_CXX_LIBRARY = "libc++";
				CLANG_ENABLE_MODULES = YES;
				CLANG_ENABLE_OBJC_ARC = YES;
				CLANG_ENABLE_OBJC_WEAK = YES;
				CLANG_WARN_BLOCK_CAPTURE_AUTORELEASING = YES;
				CLANG_WARN_BOOL_CONVERSION = YES;
				CLANG_WARN_COMMA = YES;
				CLANG_WARN_CONSTANT_CONVERSION = YES;
				CLANG_WARN_DEPRECATED_OBJC_IMPLEMENTATIONS = YES;
				CLANG_WARN_DIRECT_OBJC_ISA_USAGE = YES_ERROR;
				CLANG_WARN_DOCUMENTATION_COMMENTS = YES;
				CLANG_WARN_EMPTY_BODY = YES;
				CLANG_WARN_ENUM_CONVERSION = YES;
				CLANG_WARN_INFINITE_RECURSION = YES;
				CLANG_WARN_INT_CONVERSION = YES;
				CLANG_WARN_NON_LITERAL_NULL_CONVERSION = YES;
				CLANG_WARN_OBJC_IMPLICIT_RETAIN_SELF = YES;
				CLANG_WARN_OBJC_LITERAL_CONVERSION = YES;
				CLANG_WARN_OBJC_ROOT_CLASS = YES_ERROR;
				CLANG_WARN_RANGE_LOOP_ANALYSIS = YES;
				CLANG_WARN_STRICT_PROTOTYPES = YES;
				CLANG_WARN_SUSPICIOUS_MOVE = YES;
				CLANG_WARN_UNGUARDED_AVAILABILITY = YES_AGGRESSIVE;
				CLANG_WARN_UNREACHABLE_CODE = YES;
				CLANG_WARN__DUPLICATE_METHOD_MATCH = YES;
				CODE_SIGN_IDENTITY = "iPhone Developer";
				COPY_PHASE_STRIP = NO;
				DEBUG_INFORMATION_FORMAT = dwarf;
				ENABLE_STRICT_OBJC_MSGSEND = YES;
				ENABLE_TESTABILITY = YES;
				GCC_C_LANGUAGE_STANDARD = gnu11;
				GCC_DYNAMIC_NO_PIC = NO;
				GCC_NO_COMMON_BLOCKS = YES;
				GCC_OPTIMIZATION_LEVEL = 0;
				GCC_PREPROCESSOR_DEFINITIONS = (
					"DEBUG=1",
					"$(inherited)",
				);
				GCC_WARN_64_TO_32_BIT_CONVERSION = YES;
				GCC_WARN_ABOUT_RETURN_TYPE = YES_ERROR;
				GCC_WARN_UNDECLARED_SELECTOR = YES;
				GCC_WARN_UNINITIALIZED_AUTOS = YES_AGGRESSIVE;
				GCC_WARN_UNUSED_FUNCTION = YES;
				GCC_WARN_UNUSED_VARIABLE = YES;
				IPHONEOS_DEPLOYMENT_TARGET = 11.4;
				MTL_ENABLE_DEBUG_INFO = YES;
				ONLY_ACTIVE_ARCH = YES;
				SDKROOT = iphoneos;
				SWIFT_ACTIVE_COMPILATION_CONDITIONS = DEBUG;
				SWIFT_OPTIMIZATION_LEVEL = "-Onone";
			};
			name = Debug;
		};
		687C19EB20F94BE6005D97F4 /* Release */ = {
			isa = XCBuildConfiguration;
			buildSettings = {
				ALWAYS_SEARCH_USER_PATHS = NO;
				CLANG_ANALYZER_NONNULL = YES;
				CLANG_ANALYZER_NUMBER_OBJECT_CONVERSION = YES_AGGRESSIVE;
				CLANG_CXX_LANGUAGE_STANDARD = "gnu++14";
				CLANG_CXX_LIBRARY = "libc++";
				CLANG_ENABLE_MODULES = YES;
				CLANG_ENABLE_OBJC_ARC = YES;
				CLANG_ENABLE_OBJC_WEAK = YES;
				CLANG_WARN_BLOCK_CAPTURE_AUTORELEASING = YES;
				CLANG_WARN_BOOL_CONVERSION = YES;
				CLANG_WARN_COMMA = YES;
				CLANG_WARN_CONSTANT_CONVERSION = YES;
				CLANG_WARN_DEPRECATED_OBJC_IMPLEMENTATIONS = YES;
				CLANG_WARN_DIRECT_OBJC_ISA_USAGE = YES_ERROR;
				CLANG_WARN_DOCUMENTATION_COMMENTS = YES;
				CLANG_WARN_EMPTY_BODY = YES;
				CLANG_WARN_ENUM_CONVERSION = YES;
				CLANG_WARN_INFINITE_RECURSION = YES;
				CLANG_WARN_INT_CONVERSION = YES;
				CLANG_WARN_NON_LITERAL_NULL_CONVERSION = YES;
				CLANG_WARN_OBJC_IMPLICIT_RETAIN_SELF = YES;
				CLANG_WARN_OBJC_LITERAL_CONVERSION = YES;
				CLANG_WARN_OBJC_ROOT_CLASS = YES_ERROR;
				CLANG_WARN_RANGE_LOOP_ANALYSIS = YES;
				CLANG_WARN_STRICT_PROTOTYPES = YES;
				CLANG_WARN_SUSPICIOUS_MOVE = YES;
				CLANG_WARN_UNGUARDED_AVAILABILITY = YES_AGGRESSIVE;
				CLANG_WARN_UNREACHABLE_CODE = YES;
				CLANG_WARN__DUPLICATE_METHOD_MATCH = YES;
				CODE_SIGN_IDENTITY = "iPhone Developer";
				COPY_PHASE_STRIP = NO;
				DEBUG_INFORMATION_FORMAT = "dwarf-with-dsym";
				ENABLE_NS_ASSERTIONS = NO;
				ENABLE_STRICT_OBJC_MSGSEND = YES;
				GCC_C_LANGUAGE_STANDARD = gnu11;
				GCC_NO_COMMON_BLOCKS = YES;
				GCC_WARN_64_TO_32_BIT_CONVERSION = YES;
				GCC_WARN_ABOUT_RETURN_TYPE = YES_ERROR;
				GCC_WARN_UNDECLARED_SELECTOR = YES;
				GCC_WARN_UNINITIALIZED_AUTOS = YES_AGGRESSIVE;
				GCC_WARN_UNUSED_FUNCTION = YES;
				GCC_WARN_UNUSED_VARIABLE = YES;
				IPHONEOS_DEPLOYMENT_TARGET = 11.4;
				MTL_ENABLE_DEBUG_INFO = NO;
				SDKROOT = iphoneos;
				SWIFT_COMPILATION_MODE = wholemodule;
				SWIFT_OPTIMIZATION_LEVEL = "-O";
				VALIDATE_PRODUCT = YES;
			};
			name = Release;
		};
		687C19ED20F94BE6005D97F4 /* Debug */ = {
			isa = XCBuildConfiguration;
			buildSettings = {
				ASSETCATALOG_COMPILER_APPICON_NAME = AppIcon;
				CODE_SIGN_STYLE = Automatic;
				DEVELOPMENT_TEAM = E38T4MV29T;
				FRAMEWORK_SEARCH_PATHS = (
					"$(inherited)",
					"$(PROJECT_DIR)/Carthage/Build/iOS",
				);
				INFOPLIST_FILE = MovieMania/Info.plist;
				LD_RUNPATH_SEARCH_PATHS = (
					"$(inherited)",
					"@executable_path/Frameworks",
				);
				PRODUCT_BUNDLE_IDENTIFIER = com.veoss.moviemania;
				PRODUCT_NAME = "$(TARGET_NAME)";
				SWIFT_VERSION = 4.0;
				TARGETED_DEVICE_FAMILY = "1,2";
			};
			name = Debug;
		};
		687C19EE20F94BE6005D97F4 /* Release */ = {
			isa = XCBuildConfiguration;
			buildSettings = {
				ASSETCATALOG_COMPILER_APPICON_NAME = AppIcon;
				CODE_SIGN_STYLE = Automatic;
				DEVELOPMENT_TEAM = E38T4MV29T;
				FRAMEWORK_SEARCH_PATHS = (
					"$(inherited)",
					"$(PROJECT_DIR)/Carthage/Build/iOS",
				);
				INFOPLIST_FILE = MovieMania/Info.plist;
				LD_RUNPATH_SEARCH_PATHS = (
					"$(inherited)",
					"@executable_path/Frameworks",
				);
				PRODUCT_BUNDLE_IDENTIFIER = com.veoss.moviemania;
				PRODUCT_NAME = "$(TARGET_NAME)";
				SWIFT_VERSION = 4.0;
				TARGETED_DEVICE_FAMILY = "1,2";
			};
			name = Release;
		};
		687C19F020F94BE6005D97F4 /* Debug */ = {
			isa = XCBuildConfiguration;
			buildSettings = {
				ALWAYS_EMBED_SWIFT_STANDARD_LIBRARIES = YES;
				BUNDLE_LOADER = "$(TEST_HOST)";
				CODE_SIGN_STYLE = Automatic;
				DEVELOPMENT_TEAM = E38T4MV29T;
				INFOPLIST_FILE = MovieManiaTests/Info.plist;
				LD_RUNPATH_SEARCH_PATHS = (
					"$(inherited)",
					"@executable_path/Frameworks",
					"@loader_path/Frameworks",
				);
				PRODUCT_BUNDLE_IDENTIFIER = com.veoss.moviemania.MovieManiaTests;
				PRODUCT_NAME = "$(TARGET_NAME)";
				SWIFT_VERSION = 4.0;
				TARGETED_DEVICE_FAMILY = "1,2";
				TEST_HOST = "$(BUILT_PRODUCTS_DIR)/MovieMania.app/MovieMania";
			};
			name = Debug;
		};
		687C19F120F94BE6005D97F4 /* Release */ = {
			isa = XCBuildConfiguration;
			buildSettings = {
				ALWAYS_EMBED_SWIFT_STANDARD_LIBRARIES = YES;
				BUNDLE_LOADER = "$(TEST_HOST)";
				CODE_SIGN_STYLE = Automatic;
				DEVELOPMENT_TEAM = E38T4MV29T;
				INFOPLIST_FILE = MovieManiaTests/Info.plist;
				LD_RUNPATH_SEARCH_PATHS = (
					"$(inherited)",
					"@executable_path/Frameworks",
					"@loader_path/Frameworks",
				);
				PRODUCT_BUNDLE_IDENTIFIER = com.veoss.moviemania.MovieManiaTests;
				PRODUCT_NAME = "$(TARGET_NAME)";
				SWIFT_VERSION = 4.0;
				TARGETED_DEVICE_FAMILY = "1,2";
				TEST_HOST = "$(BUILT_PRODUCTS_DIR)/MovieMania.app/MovieMania";
			};
			name = Release;
		};
/* End XCBuildConfiguration section */

/* Begin XCConfigurationList section */
		687C19CA20F94BE5005D97F4 /* Build configuration list for PBXProject "MovieMania" */ = {
			isa = XCConfigurationList;
			buildConfigurations = (
				687C19EA20F94BE6005D97F4 /* Debug */,
				687C19EB20F94BE6005D97F4 /* Release */,
			);
			defaultConfigurationIsVisible = 0;
			defaultConfigurationName = Release;
		};
		687C19EC20F94BE6005D97F4 /* Build configuration list for PBXNativeTarget "MovieMania" */ = {
			isa = XCConfigurationList;
			buildConfigurations = (
				687C19ED20F94BE6005D97F4 /* Debug */,
				687C19EE20F94BE6005D97F4 /* Release */,
			);
			defaultConfigurationIsVisible = 0;
			defaultConfigurationName = Release;
		};
		687C19EF20F94BE6005D97F4 /* Build configuration list for PBXNativeTarget "MovieManiaTests" */ = {
			isa = XCConfigurationList;
			buildConfigurations = (
				687C19F020F94BE6005D97F4 /* Debug */,
				687C19F120F94BE6005D97F4 /* Release */,
			);
			defaultConfigurationIsVisible = 0;
			defaultConfigurationName = Release;
		};
/* End XCConfigurationList section */
	};
	rootObject = 687C19C720F94BE5005D97F4 /* Project object */;
}
